
Microsoft Visual Studio Solution File, Format Version 12.00
# Visual Studio Version 17
VisualStudioVersion = 17.1.32210.238
MinimumVisualStudioVersion = 10.0.40219.1
Project("{FAE04EC0-301F-11D3-BF4B-00C04F79EFBC}") = "portscanerius", "portscanerius\portscanerius.csproj", "{55D3AC77-BBE1-41FE-8EDC-0CA54628590B}"
EndProject
Global
	GlobalSection(SolutionConfigurationPlatforms) = preSolution
		Debug|Any CPU = Debug|Any CPU
		Release|Any CPU = Release|Any CPU
	EndGlobalSection
	GlobalSection(ProjectConfigurationPlatforms) = postSolution
		{55D3AC77-BBE1-41FE-8EDC-0CA54628590B}.Debug|Any CPU.ActiveCfg = Debug|Any CPU
		{55D3AC77-BBE1-41FE-8EDC-0CA54628590B}.Debug|Any CPU.Build.0 = Debug|Any CPU
		{55D3AC77-BBE1-41FE-8EDC-0CA54628590B}.Release|Any CPU.ActiveCfg = Release|Any CPU
		{55D3AC77-BBE1-41FE-8EDC-0CA54628590B}.Release|Any CPU.Build.0 = Release|Any CPU
	EndGlobalSection
	GlobalSection(SolutionProperties) = preSolution
		HideSolutionNode = FALSE
	EndGlobalSection
	GlobalSection(ExtensibilityGlobals) = postSolution
		SolutionGuid = {84892165-02F7-4681-8127-36C34FE29D2F}
	EndGlobalSection
EndGlobal
